
Microsoft Visual Studio Solution File, Format Version 12.00
# Visual Studio Version 17
VisualStudioVersion = 17.13.35913.81
MinimumVisualStudioVersion = 10.0.40219.1
Project("{FAE04EC0-301F-11D3-BF4B-00C04F79EFBC}") = "CartingService", "CartingService\CartingService.csproj", "{BA73AB52-04FA-4FDD-AAA0-AAB37124799F}"
EndProject
Project("{FAE04EC0-301F-11D3-BF4B-00C04F79EFBC}") = "CartingService.Tests.", "CartingService.Tests\CartingService.Tests..csproj", "{146CA9D9-6AF9-45D6-970A-BB3C9072751F}"
EndProject
Project("{FAE04EC0-301F-11D3-BF4B-00C04F79EFBC}") = "CartingService.IntegrationTests", "CartingService.IntegrationTests\CartingService.IntegrationTests.csproj", "{C1F6E435-7141-4F2C-BACB-2F7D3AD2CD81}"
EndProject
Project("{FAE04EC0-301F-11D3-BF4B-00C04F79EFBC}") = "CatalogService", "CatalogService\CatalogService.csproj", "{B266E36B-414E-4DCA-B85A-0989CF948D11}"
EndProject
Project("{FAE04EC0-301F-11D3-BF4B-00C04F79EFBC}") = "CatalogService.Domain", "CatalogService.Domain\CatalogService.Domain.csproj", "{6D317783-C893-49AD-88AD-AFFEF3181D24}"
EndProject
Project("{FAE04EC0-301F-11D3-BF4B-00C04F79EFBC}") = "CatalogService.Application", "CatalogService.Application\CatalogService.Application.csproj", "{2E3BD19A-23ED-49D5-9B51-F9BDC6B4CE19}"
EndProject
Project("{FAE04EC0-301F-11D3-BF4B-00C04F79EFBC}") = "CatalogService.Infrastructure", "CatalogService.Infrastructure\CatalogService.Infrastructure.csproj", "{DD47DFC4-F995-4EEF-B90D-C66670AD741F}"
EndProject
Project("{FAE04EC0-301F-11D3-BF4B-00C04F79EFBC}") = "CatalogService.Tests", "CatalogService.Tests\CatalogService.Tests.csproj", "{C1AA25A9-F372-4924-9D14-3099D4424672}"
EndProject
Project("{FAE04EC0-301F-11D3-BF4B-00C04F79EFBC}") = "CatalogServices.IntegrationTests", "CatalogServices.IntegrationTests\CatalogServices.IntegrationTests.csproj", "{00DDE882-D77A-4678-8929-F5CDE799B84A}"
EndProject
Project("{FAE04EC0-301F-11D3-BF4B-00C04F79EFBC}") = "IdentityService", "IdentityService\IdentityService.csproj", "{60EBABDA-8349-4539-B3E3-BAF0DE28CE2E}"
EndProject
Project("{2150E333-8FDC-42A3-9474-1A3956D46DE8}") = "Solution Items", "Solution Items", "{02EA681E-C7D8-13C7-8484-4AC65E1B71E8}"
	ProjectSection(SolutionItems) = preProject
		.editorconfig = .editorconfig
	EndProjectSection
EndProject
Global
	GlobalSection(SolutionConfigurationPlatforms) = preSolution
		Debug|Any CPU = Debug|Any CPU
		Release|Any CPU = Release|Any CPU
	EndGlobalSection
	GlobalSection(ProjectConfigurationPlatforms) = postSolution
		{BA73AB52-04FA-4FDD-AAA0-AAB37124799F}.Debug|Any CPU.ActiveCfg = Debug|Any CPU
		{BA73AB52-04FA-4FDD-AAA0-AAB37124799F}.Debug|Any CPU.Build.0 = Debug|Any CPU
		{BA73AB52-04FA-4FDD-AAA0-AAB37124799F}.Release|Any CPU.ActiveCfg = Release|Any CPU
		{BA73AB52-04FA-4FDD-AAA0-AAB37124799F}.Release|Any CPU.Build.0 = Release|Any CPU
		{146CA9D9-6AF9-45D6-970A-BB3C9072751F}.Debug|Any CPU.ActiveCfg = Debug|Any CPU
		{146CA9D9-6AF9-45D6-970A-BB3C9072751F}.Debug|Any CPU.Build.0 = Debug|Any CPU
		{146CA9D9-6AF9-45D6-970A-BB3C9072751F}.Release|Any CPU.ActiveCfg = Release|Any CPU
		{146CA9D9-6AF9-45D6-970A-BB3C9072751F}.Release|Any CPU.Build.0 = Release|Any CPU
		{C1F6E435-7141-4F2C-BACB-2F7D3AD2CD81}.Debug|Any CPU.ActiveCfg = Debug|Any CPU
		{C1F6E435-7141-4F2C-BACB-2F7D3AD2CD81}.Debug|Any CPU.Build.0 = Debug|Any CPU
		{C1F6E435-7141-4F2C-BACB-2F7D3AD2CD81}.Release|Any CPU.ActiveCfg = Release|Any CPU
		{C1F6E435-7141-4F2C-BACB-2F7D3AD2CD81}.Release|Any CPU.Build.0 = Release|Any CPU
		{B266E36B-414E-4DCA-B85A-0989CF948D11}.Debug|Any CPU.ActiveCfg = Debug|Any CPU
		{B266E36B-414E-4DCA-B85A-0989CF948D11}.Debug|Any CPU.Build.0 = Debug|Any CPU
		{B266E36B-414E-4DCA-B85A-0989CF948D11}.Release|Any CPU.ActiveCfg = Release|Any CPU
		{B266E36B-414E-4DCA-B85A-0989CF948D11}.Release|Any CPU.Build.0 = Release|Any CPU
		{6D317783-C893-49AD-88AD-AFFEF3181D24}.Debug|Any CPU.ActiveCfg = Debug|Any CPU
		{6D317783-C893-49AD-88AD-AFFEF3181D24}.Debug|Any CPU.Build.0 = Debug|Any CPU
		{6D317783-C893-49AD-88AD-AFFEF3181D24}.Release|Any CPU.ActiveCfg = Release|Any CPU
		{6D317783-C893-49AD-88AD-AFFEF3181D24}.Release|Any CPU.Build.0 = Release|Any CPU
		{2E3BD19A-23ED-49D5-9B51-F9BDC6B4CE19}.Debug|Any CPU.ActiveCfg = Debug|Any CPU
		{2E3BD19A-23ED-49D5-9B51-F9BDC6B4CE19}.Debug|Any CPU.Build.0 = Debug|Any CPU
		{2E3BD19A-23ED-49D5-9B51-F9BDC6B4CE19}.Release|Any CPU.ActiveCfg = Release|Any CPU
		{2E3BD19A-23ED-49D5-9B51-F9BDC6B4CE19}.Release|Any CPU.Build.0 = Release|Any CPU
		{DD47DFC4-F995-4EEF-B90D-C66670AD741F}.Debug|Any CPU.ActiveCfg = Debug|Any CPU
		{DD47DFC4-F995-4EEF-B90D-C66670AD741F}.Debug|Any CPU.Build.0 = Debug|Any CPU
		{DD47DFC4-F995-4EEF-B90D-C66670AD741F}.Release|Any CPU.ActiveCfg = Release|Any CPU
		{DD47DFC4-F995-4EEF-B90D-C66670AD741F}.Release|Any CPU.Build.0 = Release|Any CPU
		{C1AA25A9-F372-4924-9D14-3099D4424672}.Debug|Any CPU.ActiveCfg = Debug|Any CPU
		{C1AA25A9-F372-4924-9D14-3099D4424672}.Debug|Any CPU.Build.0 = Debug|Any CPU
		{C1AA25A9-F372-4924-9D14-3099D4424672}.Release|Any CPU.ActiveCfg = Release|Any CPU
		{C1AA25A9-F372-4924-9D14-3099D4424672}.Release|Any CPU.Build.0 = Release|Any CPU
		{00DDE882-D77A-4678-8929-F5CDE799B84A}.Debug|Any CPU.ActiveCfg = Debug|Any CPU
		{00DDE882-D77A-4678-8929-F5CDE799B84A}.Debug|Any CPU.Build.0 = Debug|Any CPU
		{00DDE882-D77A-4678-8929-F5CDE799B84A}.Release|Any CPU.ActiveCfg = Release|Any CPU
		{00DDE882-D77A-4678-8929-F5CDE799B84A}.Release|Any CPU.Build.0 = Release|Any CPU
		{60EBABDA-8349-4539-B3E3-BAF0DE28CE2E}.Debug|Any CPU.ActiveCfg = Debug|Any CPU
		{60EBABDA-8349-4539-B3E3-BAF0DE28CE2E}.Debug|Any CPU.Build.0 = Debug|Any CPU
		{60EBABDA-8349-4539-B3E3-BAF0DE28CE2E}.Release|Any CPU.ActiveCfg = Release|Any CPU
		{60EBABDA-8349-4539-B3E3-BAF0DE28CE2E}.Release|Any CPU.Build.0 = Release|Any CPU
	EndGlobalSection
	GlobalSection(SolutionProperties) = preSolution
		HideSolutionNode = FALSE
	EndGlobalSection
	GlobalSection(ExtensibilityGlobals) = postSolution
		SolutionGuid = {B875AB06-68BD-46BB-8BC1-B94AE2DE8F86}
	EndGlobalSection
EndGlobal
